PODS:
  - IQKeyboardManagerSwift (6.2.1)
  - Onboard (2.3.3)
  - Realm (3.13.1):
    - Realm/Headers (= 3.13.1)
  - Realm/Headers (3.13.1)
  - RealmSwift (3.13.1):
    - Realm (= 3.13.1)
  - TwitterCore (3.2.0)
  - TwitterKit (3.4.2):
    - TwitterCore (>= 3.2.0)

DEPENDENCIES:
  - IQKeyboardManagerSwift
  - Onboard
  - RealmSwift
  - TwitterKit

SPEC REPOS:
  https://github.com/cocoapods/specs.git:
    - IQKeyboardManagerSwift
    - Onboard
    - Realm
    - RealmSwift
    - TwitterCore
    - TwitterKit

SPEC CHECKSUMS:
  IQKeyboardManagerSwift: 0f0ae8935360b4003e6ea1ac7c19898f01e2f7c7
  Onboard: 4d6e943e20bdd6bc229df967a347dd7514bc2a6f
  Realm: 50071da38fe079e0735e47c9f2eae738c68c5996
  RealmSwift: 8a1e6a02b7a08cd17a31e3115143fb69fe5f3fb9
  TwitterCore: 8cbc9ad34d91c63a0035ea05bfbfc0d7ca72a28c
  TwitterKit: 5e4f41d70b9abdb41df5467f52d7aa2c0fd26ebb

PODFILE CHECKSUM: 6d31366a5fdfbc9cac9e3d7fbf60fd2377ec53ad

COCOAPODS: 1.6.1
